# Auto-generated by 'generate'. Do not edit manually.
tools:
    charts-build-scripts:
        resolved_version: v1.9.18
        resolved_at: 2026-04-22T19:23:41.424087358Z
        checksums:
            linux/amd64: 091251c2bdd5e43d61489c6a74ec9ac0d75d8287096f527d68bd3468ebabf60a
            linux/arm64: f2798a8ee6a5dd71045b46f8ed0292aaf2f2f81d77c0c98df2bddc4c8c94d70e
    ob-charts-tool:
        resolved_version: v0.4.0
        resolved_at: 2026-04-22T19:23:42.558744141Z
        checksums:
            linux/amd64: db379b6a64045d2017e80cc29b53d8eb5e72c753ca1d9f53a328d52d7a41dc2d
            linux/arm64: 8407715fb5d49bc3ba7bd11e4bd09436c3c8b9642e514497ea96eb2d8eea5a1c
