# images-lock.yaml — compiled image index generated by 'generate'.
# Records the active image names, universal packages, tool versions, and
# per-image configuration (base, platforms, image-specific packages, tools).
# Do not edit manually.
images:
    - go1.25
    - go1.26
    - python3.11
    - python3.13
    - node22
    - node24
    - charts
packages:
    - docker
    - gawk
    - git-core
    - jq
    - make
    - unzip
    - wget
tools:
    charts-build-scripts: v1.9.18
    cosign: v3.0.6
    gh: v2.89.0
    golangci-lint: v2.11.4
    goreleaser: v2.15.2
    govulncheck: v1.2.0
    helm: v3.20.2
    helmv4: v4.1.4
    ob-charts-tool: v0.4.0
    slsactl: v0.1.30
configs:
    charts:
        base: registry.suse.com/bci/bci-base:15.7@sha256:3292c81fb9e40b60903e6c88fac34e955b6d5b3acd3eb055d02d5c1538a72aea
        platforms:
            - linux/amd64
            - linux/arm64
        packages:
            - git
            - patch
        tools:
            - charts-build-scripts
            - cosign
            - gh
            - golangci-lint
            - goreleaser
            - helm
            - helmv4
            - ob-charts-tool
            - slsactl
        description: Rancher charts build environment
    go1.25:
        base: registry.suse.com/bci/golang:1.25.9@sha256:6ab7d7eb4a23076273da5e885ea71a1f9c72923da07f41fb53fb02e914123c11
        platforms:
            - linux/amd64
            - linux/arm64
        packages:
            - skopeo
        tools:
            - cosign
            - gh
            - golangci-lint
            - goreleaser
            - govulncheck
            - helm
            - helmv4
            - slsactl
        go_version: 1.25.9
        description: CI image with Go 1.25 toolchain
    go1.26:
        base: registry.suse.com/bci/golang:1.26.2@sha256:0c1bfe51ea14f3e28b4730c725687331ce6aa24c61acea3b9735286789c873b9
        platforms:
            - linux/amd64
            - linux/arm64
        packages:
            - skopeo
        tools:
            - cosign
            - gh
            - golangci-lint
            - goreleaser
            - govulncheck
            - helm
            - helmv4
            - slsactl
        go_version: 1.26.2
        description: CI image with Go 1.26 toolchain
    node22:
        base: registry.suse.com/bci/nodejs:22.22.2@sha256:b81c6b8ffd79f8007c621b6ad21d8aa195fb3c6c8024ac6a04923227d9a18a81
        platforms:
            - linux/amd64
            - linux/arm64
        tools:
            - cosign
            - gh
            - helm
            - helmv4
            - slsactl
        description: CI image with Node 22 toolchain
    node24:
        base: registry.suse.com/bci/nodejs:24.14.1@sha256:30f4ce0caa9f329dd6c59578f771b14bdd2cd2fb9cea18bd46bbd6222ddc66a5
        platforms:
            - linux/amd64
            - linux/arm64
        tools:
            - cosign
            - gh
            - helm
            - helmv4
            - slsactl
        description: CI image with Node 24 toolchain
    python3.11:
        base: registry.suse.com/bci/python:3.11.15@sha256:ae46b495c9413de83e4f9b2c8090b2369bbc519df460c66516c5cd8a1f32daed
        platforms:
            - linux/amd64
            - linux/arm64
        tools:
            - cosign
            - gh
            - helm
            - helmv4
            - slsactl
        description: CI image with Python 3.11 toolchain
    python3.13:
        base: registry.suse.com/bci/python:3.13.13@sha256:ddc0eb2860df249e2054599e4df0e8452d25254508e05f3af1787359ad757963
        platforms:
            - linux/amd64
            - linux/arm64
        tools:
            - cosign
            - gh
            - helm
            - helmv4
            - slsactl
        description: CI image with Python 3.13 toolchain
